{
	"requires": true,
	"lockfileVersion": 1,
	"dependencies": {
		"commander": {
			"version": "2.12.1",
			"resolved": "https://registry.npmjs.org/commander/-/commander-2.12.1.tgz",
			"integrity": "sha512-PCNLExLlI5HiPdaJs4pMXwOTHkSCpNQ1QJH9ykZLKtKEyKu3p9HgmH5l97vM8c0IUz6d54l+xEu2GG9yuYrFzA=="
		}
	}
}
